
Microsoft Visual Studio Solution File, Format Version 12.00
# Visual Studio 15
VisualStudioVersion = 15.0.28307.757
MinimumVisualStudioVersion = 10.0.40219.1
Project("{FAE04EC0-301F-11D3-BF4B-00C04F79EFBC}") = "0701A4Vertauschung", "0701A4Vertauschung\0701A4Vertauschung.csproj", "{DE7B41D4-AB21-4550-A59C-52E5F50DB80A}"
EndProject
Global
	GlobalSection(SolutionConfigurationPlatforms) = preSolution
		Debug|Any CPU = Debug|Any CPU
		Release|Any CPU = Release|Any CPU
	EndGlobalSection
	GlobalSection(ProjectConfigurationPlatforms) = postSolution
		{DE7B41D4-AB21-4550-A59C-52E5F50DB80A}.Debug|Any CPU.ActiveCfg = Debug|Any CPU
		{DE7B41D4-AB21-4550-A59C-52E5F50DB80A}.Debug|Any CPU.Build.0 = Debug|Any CPU
		{DE7B41D4-AB21-4550-A59C-52E5F50DB80A}.Release|Any CPU.ActiveCfg = Release|Any CPU
		{DE7B41D4-AB21-4550-A59C-52E5F50DB80A}.Release|Any CPU.Build.0 = Release|Any CPU
	EndGlobalSection
	GlobalSection(SolutionProperties) = preSolution
		HideSolutionNode = FALSE
	EndGlobalSection
	GlobalSection(ExtensibilityGlobals) = postSolution
		SolutionGuid = {50BDA932-5E2B-485F-BDF1-DB571995D1F1}
	EndGlobalSection
EndGlobal
